
Microsoft Visual Studio Solution File, Format Version 12.00
# Visual Studio Version 17
VisualStudioVersion = 17.5.33516.290
MinimumVisualStudioVersion = 10.0.40219.1
Project("{9A19103F-16F7-4668-BE54-9A1E7A4F7556}") = "GRA.API", "GRA.API\GRA.API.csproj", "{EBC00EBD-7D5D-4C64-84CC-5DB0534F18A2}"
EndProject
Project("{2150E333-8FDC-42A3-9474-1A3956D46DE8}") = "0 - Presentation", "0 - Presentation", "{49CA87FC-3181-4B54-A05E-1212D5E313E1}"
EndProject
Project("{2150E333-8FDC-42A3-9474-1A3956D46DE8}") = "1 - Application", "1 - Application", "{EBF9F668-2BDC-4455-A553-1EC2BD0A01C8}"
EndProject
Project("{2150E333-8FDC-42A3-9474-1A3956D46DE8}") = "2 - Domain", "2 - Domain", "{559DB82F-7B82-4BF3-84FD-2B47665719DE}"
EndProject
Project("{2150E333-8FDC-42A3-9474-1A3956D46DE8}") = "3 - Infra", "3 - Infra", "{784C5E63-BD5E-4734-B89C-305DC60F5BBA}"
EndProject
Project("{2150E333-8FDC-42A3-9474-1A3956D46DE8}") = "4 - Tests", "4 - Tests", "{1D0AF8D7-BF18-4915-BF19-BF9AD6A03C78}"
EndProject
Project("{9A19103F-16F7-4668-BE54-9A1E7A4F7556}") = "GRA.Domain", "GRA.Domain\GRA.Domain.csproj", "{FE304A4B-C4D1-434D-9DC4-27E436638251}"
EndProject
Project("{9A19103F-16F7-4668-BE54-9A1E7A4F7556}") = "GRA.Domain.Core", "GRA.Domain.Core\GRA.Domain.Core.csproj", "{57CAB680-AFAE-478F-89E4-C609046BF198}"
EndProject
Project("{2150E333-8FDC-42A3-9474-1A3956D46DE8}") = "3.1 - CrossCutting", "3.1 - CrossCutting", "{342E6C10-F1B9-4877-AC29-C3BD1E254167}"
EndProject
Project("{9A19103F-16F7-4668-BE54-9A1E7A4F7556}") = "GRA.Infra.CrossCutting", "GRA.Infra.CrossCutting\GRA.Infra.CrossCutting.csproj", "{8EB8B3A9-4EB2-4940-9070-F98C7B33E49E}"
EndProject
Project("{9A19103F-16F7-4668-BE54-9A1E7A4F7556}") = "GRA.Tests", "GRA.Tests\GRA.Tests.csproj", "{926D1579-68A3-4C5C-B6BE-BA9E9B9E8A50}"
EndProject
Project("{9A19103F-16F7-4668-BE54-9A1E7A4F7556}") = "GRA.Application", "GRA.Application\GRA.Application.csproj", "{FAA9255F-B304-4220-A2A4-835795FB0F34}"
EndProject
Project("{2150E333-8FDC-42A3-9474-1A3956D46DE8}") = "3.2 - DataSource", "3.2 - DataSource", "{23E4EE6C-7C2A-403D-A3B1-1C7170BA6512}"
EndProject
Project("{9A19103F-16F7-4668-BE54-9A1E7A4F7556}") = "GRA.Infra.DataStore.EntityFrameworkCore", "GRA.Infra.DataStore.EntityFrameworkCore\GRA.Infra.DataStore.EntityFrameworkCore.csproj", "{C75E6911-0B20-44B7-99A7-657C85EBDFED}"
EndProject
Project("{FAE04EC0-301F-11D3-BF4B-00C04F79EFBC}") = "GRA.Infra.CrossCutting.Swagger", "GRA.Infra.CrossCutting.Swagger\GRA.Infra.CrossCutting.Swagger.csproj", "{AC30AD59-1B87-4482-986E-DC0625911076}"
EndProject
Global
	GlobalSection(SolutionConfigurationPlatforms) = preSolution
		Debug|Any CPU = Debug|Any CPU
		Release|Any CPU = Release|Any CPU
	EndGlobalSection
	GlobalSection(ProjectConfigurationPlatforms) = postSolution
		{EBC00EBD-7D5D-4C64-84CC-5DB0534F18A2}.Debug|Any CPU.ActiveCfg = Debug|Any CPU
		{EBC00EBD-7D5D-4C64-84CC-5DB0534F18A2}.Debug|Any CPU.Build.0 = Debug|Any CPU
		{EBC00EBD-7D5D-4C64-84CC-5DB0534F18A2}.Release|Any CPU.ActiveCfg = Release|Any CPU
		{EBC00EBD-7D5D-4C64-84CC-5DB0534F18A2}.Release|Any CPU.Build.0 = Release|Any CPU
		{FE304A4B-C4D1-434D-9DC4-27E436638251}.Debug|Any CPU.ActiveCfg = Debug|Any CPU
		{FE304A4B-C4D1-434D-9DC4-27E436638251}.Debug|Any CPU.Build.0 = Debug|Any CPU
		{FE304A4B-C4D1-434D-9DC4-27E436638251}.Release|Any CPU.ActiveCfg = Release|Any CPU
		{FE304A4B-C4D1-434D-9DC4-27E436638251}.Release|Any CPU.Build.0 = Release|Any CPU
		{57CAB680-AFAE-478F-89E4-C609046BF198}.Debug|Any CPU.ActiveCfg = Debug|Any CPU
		{57CAB680-AFAE-478F-89E4-C609046BF198}.Debug|Any CPU.Build.0 = Debug|Any CPU
		{57CAB680-AFAE-478F-89E4-C609046BF198}.Release|Any CPU.ActiveCfg = Release|Any CPU
		{57CAB680-AFAE-478F-89E4-C609046BF198}.Release|Any CPU.Build.0 = Release|Any CPU
		{8EB8B3A9-4EB2-4940-9070-F98C7B33E49E}.Debug|Any CPU.ActiveCfg = Debug|Any CPU
		{8EB8B3A9-4EB2-4940-9070-F98C7B33E49E}.Debug|Any CPU.Build.0 = Debug|Any CPU
		{8EB8B3A9-4EB2-4940-9070-F98C7B33E49E}.Release|Any CPU.ActiveCfg = Release|Any CPU
		{8EB8B3A9-4EB2-4940-9070-F98C7B33E49E}.Release|Any CPU.Build.0 = Release|Any CPU
		{926D1579-68A3-4C5C-B6BE-BA9E9B9E8A50}.Debug|Any CPU.ActiveCfg = Debug|Any CPU
		{926D1579-68A3-4C5C-B6BE-BA9E9B9E8A50}.Debug|Any CPU.Build.0 = Debug|Any CPU
		{926D1579-68A3-4C5C-B6BE-BA9E9B9E8A50}.Release|Any CPU.ActiveCfg = Release|Any CPU
		{926D1579-68A3-4C5C-B6BE-BA9E9B9E8A50}.Release|Any CPU.Build.0 = Release|Any CPU
		{FAA9255F-B304-4220-A2A4-835795FB0F34}.Debug|Any CPU.ActiveCfg = Debug|Any CPU
		{FAA9255F-B304-4220-A2A4-835795FB0F34}.Debug|Any CPU.Build.0 = Debug|Any CPU
		{FAA9255F-B304-4220-A2A4-835795FB0F34}.Release|Any CPU.ActiveCfg = Release|Any CPU
		{FAA9255F-B304-4220-A2A4-835795FB0F34}.Release|Any CPU.Build.0 = Release|Any CPU
		{C75E6911-0B20-44B7-99A7-657C85EBDFED}.Debug|Any CPU.ActiveCfg = Debug|Any CPU
		{C75E6911-0B20-44B7-99A7-657C85EBDFED}.Debug|Any CPU.Build.0 = Debug|Any CPU
		{C75E6911-0B20-44B7-99A7-657C85EBDFED}.Release|Any CPU.ActiveCfg = Release|Any CPU
		{C75E6911-0B20-44B7-99A7-657C85EBDFED}.Release|Any CPU.Build.0 = Release|Any CPU
		{AC30AD59-1B87-4482-986E-DC0625911076}.Debug|Any CPU.ActiveCfg = Debug|Any CPU
		{AC30AD59-1B87-4482-986E-DC0625911076}.Debug|Any CPU.Build.0 = Debug|Any CPU
		{AC30AD59-1B87-4482-986E-DC0625911076}.Release|Any CPU.ActiveCfg = Release|Any CPU
		{AC30AD59-1B87-4482-986E-DC0625911076}.Release|Any CPU.Build.0 = Release|Any CPU
	EndGlobalSection
	GlobalSection(SolutionProperties) = preSolution
		HideSolutionNode = FALSE
	EndGlobalSection
	GlobalSection(NestedProjects) = preSolution
		{EBC00EBD-7D5D-4C64-84CC-5DB0534F18A2} = {49CA87FC-3181-4B54-A05E-1212D5E313E1}
		{FE304A4B-C4D1-434D-9DC4-27E436638251} = {559DB82F-7B82-4BF3-84FD-2B47665719DE}
		{57CAB680-AFAE-478F-89E4-C609046BF198} = {559DB82F-7B82-4BF3-84FD-2B47665719DE}
		{342E6C10-F1B9-4877-AC29-C3BD1E254167} = {784C5E63-BD5E-4734-B89C-305DC60F5BBA}
		{8EB8B3A9-4EB2-4940-9070-F98C7B33E49E} = {342E6C10-F1B9-4877-AC29-C3BD1E254167}
		{926D1579-68A3-4C5C-B6BE-BA9E9B9E8A50} = {1D0AF8D7-BF18-4915-BF19-BF9AD6A03C78}
		{FAA9255F-B304-4220-A2A4-835795FB0F34} = {EBF9F668-2BDC-4455-A553-1EC2BD0A01C8}
		{23E4EE6C-7C2A-403D-A3B1-1C7170BA6512} = {784C5E63-BD5E-4734-B89C-305DC60F5BBA}
		{C75E6911-0B20-44B7-99A7-657C85EBDFED} = {23E4EE6C-7C2A-403D-A3B1-1C7170BA6512}
		{AC30AD59-1B87-4482-986E-DC0625911076} = {342E6C10-F1B9-4877-AC29-C3BD1E254167}
	EndGlobalSection
	GlobalSection(ExtensibilityGlobals) = postSolution
		SolutionGuid = {39533B6F-5492-4ACD-B9A9-5E373C58914E}
	EndGlobalSection
EndGlobal
